
Microsoft Visual Studio Solution File, Format Version 12.00
# Visual Studio Version 17
VisualStudioVersion = 17.7.34221.43
MinimumVisualStudioVersion = 10.0.40219.1
Project("{FAE04EC0-301F-11D3-BF4B-00C04F79EFBC}") = "2FunIfElseStatements", "2FunIfElseStatements\2FunIfElseStatements.csproj", "{ECCDAB87-6940-48F2-A2ED-D004ADB47A26}"
EndProject
Global
	GlobalSection(SolutionConfigurationPlatforms) = preSolution
		Debug|Any CPU = Debug|Any CPU
		Release|Any CPU = Release|Any CPU
	EndGlobalSection
	GlobalSection(ProjectConfigurationPlatforms) = postSolution
		{ECCDAB87-6940-48F2-A2ED-D004ADB47A26}.Debug|Any CPU.ActiveCfg = Debug|Any CPU
		{ECCDAB87-6940-48F2-A2ED-D004ADB47A26}.Debug|Any CPU.Build.0 = Debug|Any CPU
		{ECCDAB87-6940-48F2-A2ED-D004ADB47A26}.Release|Any CPU.ActiveCfg = Release|Any CPU
		{ECCDAB87-6940-48F2-A2ED-D004ADB47A26}.Release|Any CPU.Build.0 = Release|Any CPU
	EndGlobalSection
	GlobalSection(SolutionProperties) = preSolution
		HideSolutionNode = FALSE
	EndGlobalSection
	GlobalSection(ExtensibilityGlobals) = postSolution
		SolutionGuid = {3EE6053F-57F0-4F5A-BADF-D5A49D016E89}
	EndGlobalSection
EndGlobal
