
Microsoft Visual Studio Solution File, Format Version 12.00
Project("{FAE04EC0-301F-11D3-BF4B-00C04F79EFBC}") = "UpCastingLista", "UpCastingLista\UpCastingLista.csproj", "{3C3C9BBD-E8CD-4BF3-AEA1-69037078308B}"
EndProject
Project("{FAE04EC0-301F-11D3-BF4B-00C04F79EFBC}") = "Testes", "Testes\Testes.csproj", "{955D90EF-D60C-4D76-9A1E-3CD94BBAC57B}"
EndProject
Project("{FAE04EC0-301F-11D3-BF4B-00C04F79EFBC}") = "DespejoHexa", "DespejoHexa\DespejoHexa.csproj", "{2D102761-9006-4E1D-8E13-49C818445E23}"
EndProject
Project("{FAE04EC0-301F-11D3-BF4B-00C04F79EFBC}") = "HexaDumper", "HexaDumper\HexaDumper.csproj", "{9B3F38E9-BE49-4D47-9A71-56FE58F9C1EB}"
EndProject
Project("{FAE04EC0-301F-11D3-BF4B-00C04F79EFBC}") = "ErrorSort", "ErrorSort\ErrorSort.csproj", "{F6A30A73-A0D0-4942-AD5B-B3561891B904}"
EndProject
Project("{FAE04EC0-301F-11D3-BF4B-00C04F79EFBC}") = "Eventos", "Eventos\Eventos.csproj", "{9D13A73A-A22E-4578-A217-A3C20B60085B}"
EndProject
Project("{FAE04EC0-301F-11D3-BF4B-00C04F79EFBC}") = "UsandoLINQ", "UsandoLINQ\UsandoLINQ.csproj", "{D6CFC9AF-91F3-4CDC-9CAC-32AF54DEE29F}"
EndProject
Global
	GlobalSection(SolutionConfigurationPlatforms) = preSolution
		Debug|Any CPU = Debug|Any CPU
		Release|Any CPU = Release|Any CPU
	EndGlobalSection
	GlobalSection(ProjectConfigurationPlatforms) = postSolution
		{3C3C9BBD-E8CD-4BF3-AEA1-69037078308B}.Debug|Any CPU.ActiveCfg = Debug|Any CPU
		{3C3C9BBD-E8CD-4BF3-AEA1-69037078308B}.Debug|Any CPU.Build.0 = Debug|Any CPU
		{3C3C9BBD-E8CD-4BF3-AEA1-69037078308B}.Release|Any CPU.ActiveCfg = Release|Any CPU
		{3C3C9BBD-E8CD-4BF3-AEA1-69037078308B}.Release|Any CPU.Build.0 = Release|Any CPU
		{955D90EF-D60C-4D76-9A1E-3CD94BBAC57B}.Debug|Any CPU.ActiveCfg = Debug|Any CPU
		{955D90EF-D60C-4D76-9A1E-3CD94BBAC57B}.Debug|Any CPU.Build.0 = Debug|Any CPU
		{955D90EF-D60C-4D76-9A1E-3CD94BBAC57B}.Release|Any CPU.ActiveCfg = Release|Any CPU
		{955D90EF-D60C-4D76-9A1E-3CD94BBAC57B}.Release|Any CPU.Build.0 = Release|Any CPU
		{2D102761-9006-4E1D-8E13-49C818445E23}.Debug|Any CPU.ActiveCfg = Debug|Any CPU
		{2D102761-9006-4E1D-8E13-49C818445E23}.Debug|Any CPU.Build.0 = Debug|Any CPU
		{2D102761-9006-4E1D-8E13-49C818445E23}.Release|Any CPU.ActiveCfg = Release|Any CPU
		{2D102761-9006-4E1D-8E13-49C818445E23}.Release|Any CPU.Build.0 = Release|Any CPU
		{9B3F38E9-BE49-4D47-9A71-56FE58F9C1EB}.Debug|Any CPU.ActiveCfg = Debug|Any CPU
		{9B3F38E9-BE49-4D47-9A71-56FE58F9C1EB}.Debug|Any CPU.Build.0 = Debug|Any CPU
		{9B3F38E9-BE49-4D47-9A71-56FE58F9C1EB}.Release|Any CPU.ActiveCfg = Release|Any CPU
		{9B3F38E9-BE49-4D47-9A71-56FE58F9C1EB}.Release|Any CPU.Build.0 = Release|Any CPU
		{F6A30A73-A0D0-4942-AD5B-B3561891B904}.Debug|Any CPU.ActiveCfg = Debug|Any CPU
		{F6A30A73-A0D0-4942-AD5B-B3561891B904}.Debug|Any CPU.Build.0 = Debug|Any CPU
		{F6A30A73-A0D0-4942-AD5B-B3561891B904}.Release|Any CPU.ActiveCfg = Release|Any CPU
		{F6A30A73-A0D0-4942-AD5B-B3561891B904}.Release|Any CPU.Build.0 = Release|Any CPU
		{9D13A73A-A22E-4578-A217-A3C20B60085B}.Debug|Any CPU.ActiveCfg = Debug|Any CPU
		{9D13A73A-A22E-4578-A217-A3C20B60085B}.Debug|Any CPU.Build.0 = Debug|Any CPU
		{9D13A73A-A22E-4578-A217-A3C20B60085B}.Release|Any CPU.ActiveCfg = Release|Any CPU
		{9D13A73A-A22E-4578-A217-A3C20B60085B}.Release|Any CPU.Build.0 = Release|Any CPU
		{D6CFC9AF-91F3-4CDC-9CAC-32AF54DEE29F}.Debug|Any CPU.ActiveCfg = Debug|Any CPU
		{D6CFC9AF-91F3-4CDC-9CAC-32AF54DEE29F}.Debug|Any CPU.Build.0 = Debug|Any CPU
		{D6CFC9AF-91F3-4CDC-9CAC-32AF54DEE29F}.Release|Any CPU.ActiveCfg = Release|Any CPU
		{D6CFC9AF-91F3-4CDC-9CAC-32AF54DEE29F}.Release|Any CPU.Build.0 = Release|Any CPU
	EndGlobalSection
EndGlobal
